
Microsoft Visual Studio Solution File, Format Version 12.00
# Visual Studio Version 17
VisualStudioVersion = 17.6.33829.357
MinimumVisualStudioVersion = 10.0.40219.1
Project("{FAE04EC0-301F-11D3-BF4B-00C04F79EFBC}") = "BasicCalculator", "BasicCalculator\BasicCalculator.csproj", "{1BB46296-7194-41F6-A722-C6DB5D2CEB1C}"
EndProject
Project("{FAE04EC0-301F-11D3-BF4B-00C04F79EFBC}") = "CalculatorPrivateAssemblyy", "CalculatorPrivateAssemblyy\CalculatorPrivateAssemblyy.csproj", "{FA278026-FA74-4E03-9E35-F6EDA5BCB5AA}"
EndProject
Global
	GlobalSection(SolutionConfigurationPlatforms) = preSolution
		Debug|Any CPU = Debug|Any CPU
		Release|Any CPU = Release|Any CPU
	EndGlobalSection
	GlobalSection(ProjectConfigurationPlatforms) = postSolution
		{1BB46296-7194-41F6-A722-C6DB5D2CEB1C}.Debug|Any CPU.ActiveCfg = Debug|Any CPU
		{1BB46296-7194-41F6-A722-C6DB5D2CEB1C}.Debug|Any CPU.Build.0 = Debug|Any CPU
		{1BB46296-7194-41F6-A722-C6DB5D2CEB1C}.Release|Any CPU.ActiveCfg = Release|Any CPU
		{1BB46296-7194-41F6-A722-C6DB5D2CEB1C}.Release|Any CPU.Build.0 = Release|Any CPU
		{FA278026-FA74-4E03-9E35-F6EDA5BCB5AA}.Debug|Any CPU.ActiveCfg = Debug|Any CPU
		{FA278026-FA74-4E03-9E35-F6EDA5BCB5AA}.Debug|Any CPU.Build.0 = Debug|Any CPU
		{FA278026-FA74-4E03-9E35-F6EDA5BCB5AA}.Release|Any CPU.ActiveCfg = Release|Any CPU
		{FA278026-FA74-4E03-9E35-F6EDA5BCB5AA}.Release|Any CPU.Build.0 = Release|Any CPU
	EndGlobalSection
	GlobalSection(SolutionProperties) = preSolution
		HideSolutionNode = FALSE
	EndGlobalSection
	GlobalSection(ExtensibilityGlobals) = postSolution
		SolutionGuid = {7263B7FE-8B5C-4B0A-9D53-477988BC6F83}
	EndGlobalSection
EndGlobal
